// !$*UTF8*$!
{
	archiveVersion = 1;
	classes = {
	};
	objectVersion = 46;
	objects = {

/* Begin PBXBuildFile section */
		B0B262A616F0AA70007CCE6E /* VQSCMD.C in Sources */ = {isa = PBXBuildFile; fileRef = B0B262A516F0AA70007CCE6E /* VQSCMD.C */; };
		B0B262B416F0AB20007CCE6E /* CMDLINE.C in Sources */ = {isa = PBXBuildFile; fileRef = B0B262B216F0AB20007CCE6E /* CMDLINE.C */; };
		B0B262B516F0AB20007CCE6E /* PRIVPROF.C in Sources */ = {isa = PBXBuildFile; fileRef = B0B262B316F0AB20007CCE6E /* PRIVPROF.C */; };
/* End PBXBuildFile section */

/* Begin PBXCopyFilesBuildPhase section */
		B0B2629716F0AA42007CCE6E /* CopyFiles */ = {
			isa = PBXCopyFilesBuildPhase;
			buildActionMask = 2147483647;
			dstPath = /usr/share/man/man1/;
			dstSubfolderSpec = 0;
			files = (
			);
			runOnlyForDeploymentPostprocessing = 1;
		};
/* End PBXCopyFilesBuildPhase section */

/* Begin PBXFileReference section */
		B0B2629916F0AA42007CCE6E /* VQSCMD */ = {isa = PBXFileReference; explicitFileType = "compiled.mach-o.executable"; includeInIndex = 0; path = VQSCMD; sourceTree = BUILT_PRODUCTS_DIR; };
		B0B262A516F0AA70007CCE6E /* VQSCMD.C */ = {isa = PBXFileReference; fileEncoding = 4; lastKnownFileType = sourcecode.cpp.cpp; path = VQSCMD.C; sourceTree = "<group>"; };
		B0B262A916F0AB0E007CCE6E /* API.H */ = {isa = PBXFileReference; fileEncoding = 4; lastKnownFileType = sourcecode.cpp.h; name = API.H; path = ../INCLUDE/API.H; sourceTree = "<group>"; };
		B0B262AA16F0AB0E007CCE6E /* CMDLINE.H */ = {isa = PBXFileReference; fileEncoding = 4; lastKnownFileType = sourcecode.cpp.h; name = CMDLINE.H; path = ../INCLUDE/CMDLINE.H; sourceTree = "<group>"; };
		B0B262AB16F0AB0E007CCE6E /* DATATYPES.H */ = {isa = PBXFileReference; fileEncoding = 4; lastKnownFileType = sourcecode.cpp.h; name = DATATYPES.H; path = ../INCLUDE/DATATYPES.H; sourceTree = "<group>"; };
		B0B262AC16F0AB0E007CCE6E /* PRIVPROF.H */ = {isa = PBXFileReference; fileEncoding = 4; lastKnownFileType = sourcecode.cpp.h; name = PRIVPROF.H; path = ../INCLUDE/PRIVPROF.H; sourceTree = "<group>"; };
		B0B262AD16F0AB0E007CCE6E /* VDIF.H */ = {isa = PBXFileReference; fileEncoding = 4; lastKnownFileType = sourcecode.cpp.h; name = VDIF.H; path = ../INCLUDE/VDIF.H; sourceTree = "<group>"; };
		B0B262AE16F0AB0E007CCE6E /* VDIFDEFS.H */ = {isa = PBXFileReference; fileEncoding = 4; lastKnownFileType = sourcecode.cpp.h; name = VDIFDEFS.H; path = ../INCLUDE/VDIFDEFS.H; sourceTree = "<group>"; };
		B0B262AF16F0AB0E007CCE6E /* X4.H */ = {isa = PBXFileReference; fileEncoding = 4; lastKnownFileType = sourcecode.cpp.h; name = X4.H; path = ../INCLUDE/X4.H; sourceTree = "<group>"; };
		B0B262B016F0AB0E007CCE6E /* X4EASY.H */ = {isa = PBXFileReference; fileEncoding = 4; lastKnownFileType = sourcecode.cpp.h; name = X4EASY.H; path = ../INCLUDE/X4EASY.H; sourceTree = "<group>"; };
		B0B262B116F0AB0E007CCE6E /* X4ERROR.H */ = {isa = PBXFileReference; fileEncoding = 4; lastKnownFileType = sourcecode.cpp.h; name = X4ERROR.H; path = ../INCLUDE/X4ERROR.H; sourceTree = "<group>"; };
		B0B262B216F0AB20007CCE6E /* CMDLINE.C */ = {isa = PBXFileReference; fileEncoding = 4; lastKnownFileType = sourcecode.cpp.cpp; name = CMDLINE.C; path = ../COMMON/CMDLINE.C; sourceTree = "<group>"; };
		B0B262B316F0AB20007CCE6E /* PRIVPROF.C */ = {isa = PBXFileReference; fileEncoding = 4; lastKnownFileType = sourcecode.cpp.cpp; name = PRIVPROF.C; path = ../COMMON/PRIVPROF.C; sourceTree = "<group>"; };
/* End PBXFileReference section */

/* Begin PBXFrameworksBuildPhase section */
		B0B2629616F0AA42007CCE6E /* Frameworks */ = {
			isa = PBXFrameworksBuildPhase;
			buildActionMask = 2147483647;
			files = (
			);
			runOnlyForDeploymentPostprocessing = 0;
		};
/* End PBXFrameworksBuildPhase section */

/* Begin PBXGroup section */
		B0B2629016F0AA42007CCE6E = {
			isa = PBXGroup;
			children = (
				B0B262A816F0AAF3007CCE6E /* INCLUDE */,
				B0B262A716F0AAEC007CCE6E /* COMMON */,
				B0B262A516F0AA70007CCE6E /* VQSCMD.C */,
				B0B2629A16F0AA42007CCE6E /* Products */,
			);
			sourceTree = "<group>";
		};
		B0B2629A16F0AA42007CCE6E /* Products */ = {
			isa = PBXGroup;
			children = (
				B0B2629916F0AA42007CCE6E /* VQSCMD */,
			);
			name = Products;
			sourceTree = "<group>";
		};
		B0B262A716F0AAEC007CCE6E /* COMMON */ = {
			isa = PBXGroup;
			children = (
				B0B262B216F0AB20007CCE6E /* CMDLINE.C */,
				B0B262B316F0AB20007CCE6E /* PRIVPROF.C */,
			);
			name = COMMON;
			sourceTree = "<group>";
		};
		B0B262A816F0AAF3007CCE6E /* INCLUDE */ = {
			isa = PBXGroup;
			children = (
				B0B262A916F0AB0E007CCE6E /* API.H */,
				B0B262AA16F0AB0E007CCE6E /* CMDLINE.H */,
				B0B262AB16F0AB0E007CCE6E /* DATATYPES.H */,
				B0B262AC16F0AB0E007CCE6E /* PRIVPROF.H */,
				B0B262AD16F0AB0E007CCE6E /* VDIF.H */,
				B0B262AE16F0AB0E007CCE6E /* VDIFDEFS.H */,
				B0B262AF16F0AB0E007CCE6E /* X4.H */,
				B0B262B016F0AB0E007CCE6E /* X4EASY.H */,
				B0B262B116F0AB0E007CCE6E /* X4ERROR.H */,
			);
			name = INCLUDE;
			sourceTree = "<group>";
		};
/* End PBXGroup section */

/* Begin PBXNativeTarget section */
		B0B2629816F0AA42007CCE6E /* VQSCMD */ = {
			isa = PBXNativeTarget;
			buildConfigurationList = B0B262A216F0AA42007CCE6E /* Build configuration list for PBXNativeTarget "VQSCMD" */;
			buildPhases = (
				B0B2629516F0AA42007CCE6E /* Sources */,
				B0B2629616F0AA42007CCE6E /* Frameworks */,
				B0B2629716F0AA42007CCE6E /* CopyFiles */,
			);
			buildRules = (
			);
			dependencies = (
			);
			name = VQSCMD;
			productName = VQSCMD;
			productReference = B0B2629916F0AA42007CCE6E /* VQSCMD */;
			productType = "com.apple.product-type.tool";
		};
/* End PBXNativeTarget section */

/* Begin PBXProject section */
		B0B2629116F0AA42007CCE6E /* Project object */ = {
			isa = PBXProject;
			attributes = {
				LastUpgradeCheck = 0460;
				ORGANIZATIONNAME = "Datapath Ltd";
			};
			buildConfigurationList = B0B2629416F0AA42007CCE6E /* Build configuration list for PBXProject "VQSCMD" */;
			compatibilityVersion = "Xcode 3.2";
			developmentRegion = English;
			hasScannedForEncodings = 0;
			knownRegions = (
				en,
			);
			mainGroup = B0B2629016F0AA42007CCE6E;
			productRefGroup = B0B2629A16F0AA42007CCE6E /* Products */;
			projectDirPath = "";
			projectRoot = "";
			targets = (
				B0B2629816F0AA42007CCE6E /* VQSCMD */,
			);
		};
/* End PBXProject section */

/* Begin PBXSourcesBuildPhase section */
		B0B2629516F0AA42007CCE6E /* Sources */ = {
			isa = PBXSourcesBuildPhase;
			buildActionMask = 2147483647;
			files = (
				B0B262A616F0AA70007CCE6E /* VQSCMD.C in Sources */,
				B0B262B416F0AB20007CCE6E /* CMDLINE.C in Sources */,
				B0B262B516F0AB20007CCE6E /* PRIVPROF.C in Sources */,
			);
			runOnlyForDeploymentPostprocessing = 0;
		};
/* End PBXSourcesBuildPhase section */

/* Begin XCBuildConfiguration section */
		B0B262A016F0AA42007CCE6E /* Debug */ = {
			isa = XCBuildConfiguration;
			buildSettings = {
				ALWAYS_SEARCH_USER_PATHS = NO;
				ARCHS = "$(ARCHS_STANDARD_64_BIT)";
				CLANG_CXX_LANGUAGE_STANDARD = "gnu++0x";
				CLANG_CXX_LIBRARY = "libc++";
				CLANG_ENABLE_OBJC_ARC = YES;
				CLANG_WARN_CONSTANT_CONVERSION = YES;
				CLANG_WARN_EMPTY_BODY = YES;
				CLANG_WARN_ENUM_CONVERSION = YES;
				CLANG_WARN_INT_CONVERSION = YES;
				CLANG_WARN__DUPLICATE_METHOD_MATCH = YES;
				COPY_PHASE_STRIP = NO;
				GCC_C_LANGUAGE_STANDARD = gnu99;
				GCC_DYNAMIC_NO_PIC = NO;
				GCC_ENABLE_OBJC_EXCEPTIONS = YES;
				GCC_OPTIMIZATION_LEVEL = 0;
				GCC_PREPROCESSOR_DEFINITIONS = (
					"DEBUG=1",
					"$(inherited)",
				);
				GCC_SYMBOLS_PRIVATE_EXTERN = NO;
				GCC_WARN_64_TO_32_BIT_CONVERSION = YES;
				GCC_WARN_ABOUT_RETURN_TYPE = YES;
				GCC_WARN_UNINITIALIZED_AUTOS = YES;
				GCC_WARN_UNUSED_VARIABLE = YES;
				HEADER_SEARCH_PATHS = ../INCLUDE;
				LIBRARY_SEARCH_PATHS = /usr/local/lib;
				MACOSX_DEPLOYMENT_TARGET = 10.10;
				ONLY_ACTIVE_ARCH = YES;
				OTHER_LDFLAGS = "-lX4EASY";
				SDKROOT = macosx;
			};
			name = Debug;
		};
		B0B262A116F0AA42007CCE6E /* Release */ = {
			isa = XCBuildConfiguration;
			buildSettings = {
				ALWAYS_SEARCH_USER_PATHS = NO;
				ARCHS = "$(ARCHS_STANDARD_64_BIT)";
				CLANG_CXX_LANGUAGE_STANDARD = "gnu++0x";
				CLANG_CXX_LIBRARY = "libc++";
				CLANG_ENABLE_OBJC_ARC = YES;
				CLANG_WARN_CONSTANT_CONVERSION = YES;
				CLANG_WARN_EMPTY_BODY = YES;
				CLANG_WARN_ENUM_CONVERSION = YES;
				CLANG_WARN_INT_CONVERSION = YES;
				CLANG_WARN__DUPLICATE_METHOD_MATCH = YES;
				COPY_PHASE_STRIP = YES;
				DEBUG_INFORMATION_FORMAT = "dwarf-with-dsym";
				GCC_C_LANGUAGE_STANDARD = gnu99;
				GCC_ENABLE_OBJC_EXCEPTIONS = YES;
				GCC_WARN_64_TO_32_BIT_CONVERSION = YES;
				GCC_WARN_ABOUT_RETURN_TYPE = YES;
				GCC_WARN_UNINITIALIZED_AUTOS = YES;
				GCC_WARN_UNUSED_VARIABLE = YES;
				HEADER_SEARCH_PATHS = ../INCLUDE;
				LIBRARY_SEARCH_PATHS = /usr/local/lib;
				MACOSX_DEPLOYMENT_TARGET = 10.10;
				OTHER_LDFLAGS = "-lX4EASY";
				SDKROOT = macosx;
			};
			name = Release;
		};
		B0B262A316F0AA42007CCE6E /* Debug */ = {
			isa = XCBuildConfiguration;
			buildSettings = {
				GCC_PREPROCESSOR_DEFINITIONS = (
					OSX,
					"$(inherited)",
				);
				HEADER_SEARCH_PATHS = ../INCLUDE;
				OTHER_LDFLAGS = "-lX4EASY";
				PRODUCT_NAME = "$(TARGET_NAME)";
				SDKROOT = macosx;
			};
			name = Debug;
		};
		B0B262A416F0AA42007CCE6E /* Release */ = {
			isa = XCBuildConfiguration;
			buildSettings = {
				GCC_PREPROCESSOR_DEFINITIONS = OSX;
				HEADER_SEARCH_PATHS = ../INCLUDE;
				OTHER_LDFLAGS = "-lX4EASY";
				PRODUCT_NAME = "$(TARGET_NAME)";
				SDKROOT = macosx;
			};
			name = Release;
		};
/* End XCBuildConfiguration section */

/* Begin XCConfigurationList section */
		B0B2629416F0AA42007CCE6E /* Build configuration list for PBXProject "VQSCMD" */ = {
			isa = XCConfigurationList;
			buildConfigurations = (
				B0B262A016F0AA42007CCE6E /* Debug */,
				B0B262A116F0AA42007CCE6E /* Release */,
			);
			defaultConfigurationIsVisible = 0;
			defaultConfigurationName = Release;
		};
		B0B262A216F0AA42007CCE6E /* Build configuration list for PBXNativeTarget "VQSCMD" */ = {
			isa = XCConfigurationList;
			buildConfigurations = (
				B0B262A316F0AA42007CCE6E /* Debug */,
				B0B262A416F0AA42007CCE6E /* Release */,
			);
			defaultConfigurationIsVisible = 0;
			defaultConfigurationName = Release;
		};
/* End XCConfigurationList section */
	};
	rootObject = B0B2629116F0AA42007CCE6E /* Project object */;
}
